// !$*UTF8*$!
{
	archiveVersion = 1;
	classes = {
	};
	objectVersion = 55;
	objects = {

/* Begin PBXBuildFile section */
		950FA1C729FDC20C00977E50 /* NatureFinderApp.swift in Sources */ = {isa = PBXBuildFile; fileRef = 950FA1C629FDC20C00977E50 /* NatureFinderApp.swift */; };
		950FA1CB29FDC20F00977E50 /* Assets.xcassets in Resources */ = {isa = PBXBuildFile; fileRef = 950FA1CA29FDC20F00977E50 /* Assets.xcassets */; };
		950FA1CE29FDC20F00977E50 /* Preview Assets.xcassets in Resources */ = {isa = PBXBuildFile; fileRef = 950FA1CD29FDC20F00977E50 /* Preview Assets.xcassets */; };
		954BA0C829FDEA71002FDA97 /* URLImageStore in Frameworks */ = {isa = PBXBuildFile; productRef = 954BA0C729FDEA71002FDA97 /* URLImageStore */; };
		954BA0D229FDEEAA002FDA97 /* GoogleService-Info.plist in Resources */ = {isa = PBXBuildFile; fileRef = 954BA0D129FDEEAA002FDA97 /* GoogleService-Info.plist */; };
		954BA0D429FDEFF1002FDA97 /* NatureListView.swift in Sources */ = {isa = PBXBuildFile; fileRef = 954BA0D329FDEFF1002FDA97 /* NatureListView.swift */; };
		954BA0D629FDF17D002FDA97 /* RegisterView.swift in Sources */ = {isa = PBXBuildFile; fileRef = 954BA0D529FDF17D002FDA97 /* RegisterView.swift */; };
		954BA0D829FDF195002FDA97 /* RegisterViewModel.swift in Sources */ = {isa = PBXBuildFile; fileRef = 954BA0D729FDF195002FDA97 /* RegisterViewModel.swift */; };
		954BA0DD29FF2849002FDA97 /* NatureListViewModel.swift in Sources */ = {isa = PBXBuildFile; fileRef = 954BA0DC29FF2849002FDA97 /* NatureListViewModel.swift */; };
		954BA0DF29FF2CF0002FDA97 /* NatureViewModel.swift in Sources */ = {isa = PBXBuildFile; fileRef = 954BA0DE29FF2CF0002FDA97 /* NatureViewModel.swift */; };
		954C451829FDCDB400109886 /* LoginView.swift in Sources */ = {isa = PBXBuildFile; fileRef = 954C451729FDCDB400109886 /* LoginView.swift */; };
		954C451B29FDCDD700109886 /* LoginViewModel.swift in Sources */ = {isa = PBXBuildFile; fileRef = 954C451A29FDCDD700109886 /* LoginViewModel.swift */; };
		954C451E29FDCDFD00109886 /* Nature.swift in Sources */ = {isa = PBXBuildFile; fileRef = 954C451D29FDCDFD00109886 /* Nature.swift */; };
		954C452929FDE3AC00109886 /* URLImage in Frameworks */ = {isa = PBXBuildFile; productRef = 954C452829FDE3AC00109886 /* URLImage */; };
		9570DF692A06375C00C9A3F3 /* UIImage+Extensions.swift in Sources */ = {isa = PBXBuildFile; fileRef = 9570DF682A06375C00C9A3F3 /* UIImage+Extensions.swift */; };
		9570DF6B2A063A4100C9A3F3 /* ImagePicker.swift in Sources */ = {isa = PBXBuildFile; fileRef = 9570DF6A2A063A4100C9A3F3 /* ImagePicker.swift */; };
		9570DF6D2A063AB100C9A3F3 /* PhotoCaptureView.swift in Sources */ = {isa = PBXBuildFile; fileRef = 9570DF6C2A063AB100C9A3F3 /* PhotoCaptureView.swift */; };
		959C9DE92A0E2DB5000C9F1D /* UserNatureListView.swift in Sources */ = {isa = PBXBuildFile; fileRef = 959C9DE82A0E2DB5000C9F1D /* UserNatureListView.swift */; };
		959C9DEB2A0E3A62000C9F1D /* UserNatureListViewModel.swift in Sources */ = {isa = PBXBuildFile; fileRef = 959C9DEA2A0E3A62000C9F1D /* UserNatureListViewModel.swift */; };
		959C9DED2A0E41C4000C9F1D /* UserViewModel.swift in Sources */ = {isa = PBXBuildFile; fileRef = 959C9DEC2A0E41C4000C9F1D /* UserViewModel.swift */; };
		AB7B151AFC6FD9F7CD89C6AB /* Pods_NatureFinder.framework in Frameworks */ = {isa = PBXBuildFile; fileRef = 8DF44405D631EE64F78FDF8D /* Pods_NatureFinder.framework */; };
/* End PBXBuildFile section */

/* Begin PBXFileReference section */
		4D899A072F47F66FC84F0439 /* Pods-NatureFinder.debug.xcconfig */ = {isa = PBXFileReference; includeInIndex = 1; lastKnownFileType = text.xcconfig; name = "Pods-NatureFinder.debug.xcconfig"; path = "Target Support Files/Pods-NatureFinder/Pods-NatureFinder.debug.xcconfig"; sourceTree = "<group>"; };
		8DF44405D631EE64F78FDF8D /* Pods_NatureFinder.framework */ = {isa = PBXFileReference; explicitFileType = wrapper.framework; includeInIndex = 0; path = Pods_NatureFinder.framework; sourceTree = BUILT_PRODUCTS_DIR; };
		909DBAE4223338263B1BAAF7 /* Pods-NatureFinder.release.xcconfig */ = {isa = PBXFileReference; includeInIndex = 1; lastKnownFileType = text.xcconfig; name = "Pods-NatureFinder.release.xcconfig"; path = "Target Support Files/Pods-NatureFinder/Pods-NatureFinder.release.xcconfig"; sourceTree = "<group>"; };
		950FA1C329FDC20C00977E50 /* NatureFinder.app */ = {isa = PBXFileReference; explicitFileType = wrapper.application; includeInIndex = 0; path = NatureFinder.app; sourceTree = BUILT_PRODUCTS_DIR; };
		950FA1C629FDC20C00977E50 /* NatureFinderApp.swift */ = {isa = PBXFileReference; lastKnownFileType = sourcecode.swift; path = NatureFinderApp.swift; sourceTree = "<group>"; };
		950FA1CA29FDC20F00977E50 /* Assets.xcassets */ = {isa = PBXFileReference; lastKnownFileType = folder.assetcatalog; path = Assets.xcassets; sourceTree = "<group>"; };
		950FA1CD29FDC20F00977E50 /* Preview Assets.xcassets */ = {isa = PBXFileReference; lastKnownFileType = folder.assetcatalog; path = "Preview Assets.xcassets"; sourceTree = "<group>"; };
		954BA0D129FDEEAA002FDA97 /* GoogleService-Info.plist */ = {isa = PBXFileReference; lastKnownFileType = text.plist; path = "GoogleService-Info.plist"; sourceTree = SOURCE_ROOT; };
		954BA0D329FDEFF1002FDA97 /* NatureListView.swift */ = {isa = PBXFileReference; lastKnownFileType = sourcecode.swift; path = NatureListView.swift; sourceTree = "<group>"; };
		954BA0D529FDF17D002FDA97 /* RegisterView.swift */ = {isa = PBXFileReference; lastKnownFileType = sourcecode.swift; path = RegisterView.swift; sourceTree = "<group>"; };
		954BA0D729FDF195002FDA97 /* RegisterViewModel.swift */ = {isa = PBXFileReference; lastKnownFileType = sourcecode.swift; path = RegisterViewModel.swift; sourceTree = "<group>"; };
		954BA0DC29FF2849002FDA97 /* NatureListViewModel.swift */ = {isa = PBXFileReference; lastKnownFileType = sourcecode.swift; path = NatureListViewModel.swift; sourceTree = "<group>"; };
		954BA0DE29FF2CF0002FDA97 /* NatureViewModel.swift */ = {isa = PBXFileReference; lastKnownFileType = sourcecode.swift; path = NatureViewModel.swift; sourceTree = "<group>"; };
		954C451729FDCDB400109886 /* LoginView.swift */ = {isa = PBXFileReference; lastKnownFileType = sourcecode.swift; path = LoginView.swift; sourceTree = "<group>"; };
		954C451A29FDCDD700109886 /* LoginViewModel.swift */ = {isa = PBXFileReference; lastKnownFileType = sourcecode.swift; path = LoginViewModel.swift; sourceTree = "<group>"; };
		954C451D29FDCDFD00109886 /* Nature.swift */ = {isa = PBXFileReference; lastKnownFileType = sourcecode.swift; path = Nature.swift; sourceTree = "<group>"; };
		9570DF682A06375C00C9A3F3 /* UIImage+Extensions.swift */ = {isa = PBXFileReference; lastKnownFileType = sourcecode.swift; path = "UIImage+Extensions.swift"; sourceTree = "<group>"; };
		9570DF6A2A063A4100C9A3F3 /* ImagePicker.swift */ = {isa = PBXFileReference; lastKnownFileType = sourcecode.swift; path = ImagePicker.swift; sourceTree = "<group>"; };
		9570DF6C2A063AB100C9A3F3 /* PhotoCaptureView.swift */ = {isa = PBXFileReference; lastKnownFileType = sourcecode.swift; path = PhotoCaptureView.swift; sourceTree = "<group>"; };
		959C9DE82A0E2DB5000C9F1D /* UserNatureListView.swift */ = {isa = PBXFileReference; lastKnownFileType = sourcecode.swift; path = UserNatureListView.swift; sourceTree = "<group>"; };
		959C9DEA2A0E3A62000C9F1D /* UserNatureListViewModel.swift */ = {isa = PBXFileReference; lastKnownFileType = sourcecode.swift; path = UserNatureListViewModel.swift; sourceTree = "<group>"; };
		959C9DEC2A0E41C4000C9F1D /* UserViewModel.swift */ = {isa = PBXFileReference; lastKnownFileType = sourcecode.swift; path = UserViewModel.swift; sourceTree = "<group>"; };
/* End PBXFileReference section */

/* Begin PBXFrameworksBuildPhase section */
		950FA1C029FDC20C00977E50 /* Frameworks */ = {
			isa = PBXFrameworksBuildPhase;
			buildActionMask = 2147483647;
			files = (
				954C452929FDE3AC00109886 /* URLImage in Frameworks */,
				954BA0C829FDEA71002FDA97 /* URLImageStore in Frameworks */,
				AB7B151AFC6FD9F7CD89C6AB /* Pods_NatureFinder.framework in Frameworks */,
			);
			runOnlyForDeploymentPostprocessing = 0;
		};
/* End PBXFrameworksBuildPhase section */

/* Begin PBXGroup section */
		950FA1BA29FDC20C00977E50 = {
			isa = PBXGroup;
			children = (
				950FA1C529FDC20C00977E50 /* NatureFinder */,
				950FA1C429FDC20C00977E50 /* Products */,
				CC9EBD3AF94E284FF39CE48B /* Pods */,
				F5A69AFC9D34992525047D12 /* Frameworks */,
			);
			sourceTree = "<group>";
		};
		950FA1C429FDC20C00977E50 /* Products */ = {
			isa = PBXGroup;
			children = (
				950FA1C329FDC20C00977E50 /* NatureFinder.app */,
			);
			name = Products;
			sourceTree = "<group>";
		};
		950FA1C529FDC20C00977E50 /* NatureFinder */ = {
			isa = PBXGroup;
			children = (
				9570DF672A06373700C9A3F3 /* Extenstion */,
				954C451929FDCDBC00109886 /* ViewModels */,
				954C451C29FDCDE600109886 /* Models */,
				954C451629FDCD9300109886 /* Views */,
				950FA1C629FDC20C00977E50 /* NatureFinderApp.swift */,
				954BA0D129FDEEAA002FDA97 /* GoogleService-Info.plist */,
				950FA1CA29FDC20F00977E50 /* Assets.xcassets */,
				950FA1CC29FDC20F00977E50 /* Preview Content */,
			);
			path = NatureFinder;
			sourceTree = "<group>";
		};
		950FA1CC29FDC20F00977E50 /* Preview Content */ = {
			isa = PBXGroup;
			children = (
				950FA1CD29FDC20F00977E50 /* Preview Assets.xcassets */,
			);
			path = "Preview Content";
			sourceTree = "<group>";
		};
		954C451629FDCD9300109886 /* Views */ = {
			isa = PBXGroup;
			children = (
				954C451729FDCDB400109886 /* LoginView.swift */,
				954BA0D529FDF17D002FDA97 /* RegisterView.swift */,
				954BA0D329FDEFF1002FDA97 /* NatureListView.swift */,
				9570DF6A2A063A4100C9A3F3 /* ImagePicker.swift */,
				9570DF6C2A063AB100C9A3F3 /* PhotoCaptureView.swift */,
				959C9DE82A0E2DB5000C9F1D /* UserNatureListView.swift */,
			);
			path = Views;
			sourceTree = "<group>";
		};
		954C451929FDCDBC00109886 /* ViewModels */ = {
			isa = PBXGroup;
			children = (
				954C451A29FDCDD700109886 /* LoginViewModel.swift */,
				954BA0D729FDF195002FDA97 /* RegisterViewModel.swift */,
				954BA0DC29FF2849002FDA97 /* NatureListViewModel.swift */,
				954BA0DE29FF2CF0002FDA97 /* NatureViewModel.swift */,
				959C9DEA2A0E3A62000C9F1D /* UserNatureListViewModel.swift */,
				959C9DEC2A0E41C4000C9F1D /* UserViewModel.swift */,
			);
			path = ViewModels;
			sourceTree = "<group>";
		};
		954C451C29FDCDE600109886 /* Models */ = {
			isa = PBXGroup;
			children = (
				954C451D29FDCDFD00109886 /* Nature.swift */,
			);
			path = Models;
			sourceTree = "<group>";
		};
		9570DF672A06373700C9A3F3 /* Extenstion */ = {
			isa = PBXGroup;
			children = (
				9570DF682A06375C00C9A3F3 /* UIImage+Extensions.swift */,
			);
			path = Extenstion;
			sourceTree = "<group>";
		};
		CC9EBD3AF94E284FF39CE48B /* Pods */ = {
			isa = PBXGroup;
			children = (
				4D899A072F47F66FC84F0439 /* Pods-NatureFinder.debug.xcconfig */,
				909DBAE4223338263B1BAAF7 /* Pods-NatureFinder.release.xcconfig */,
			);
			path = Pods;
			sourceTree = "<group>";
		};
		F5A69AFC9D34992525047D12 /* Frameworks */ = {
			isa = PBXGroup;
			children = (
				8DF44405D631EE64F78FDF8D /* Pods_NatureFinder.framework */,
			);
			name = Frameworks;
			sourceTree = "<group>";
		};
/* End PBXGroup section */

/* Begin PBXNativeTarget section */
		950FA1C229FDC20C00977E50 /* NatureFinder */ = {
			isa = PBXNativeTarget;
			buildConfigurationList = 950FA1D129FDC20F00977E50 /* Build configuration list for PBXNativeTarget "NatureFinder" */;
			buildPhases = (
				7CEE2EDA6C8D0A20ABB5EE81 /* [CP] Check Pods Manifest.lock */,
				950FA1BF29FDC20C00977E50 /* Sources */,
				950FA1C029FDC20C00977E50 /* Frameworks */,
				950FA1C129FDC20C00977E50 /* Resources */,
				27E847665D0CF231068C7295 /* [CP] Embed Pods Frameworks */,
			);
			buildRules = (
			);
			dependencies = (
			);
			name = NatureFinder;
			packageProductDependencies = (
				954C452829FDE3AC00109886 /* URLImage */,
				954BA0C729FDEA71002FDA97 /* URLImageStore */,
			);
			productName = NatureFinder;
			productReference = 950FA1C329FDC20C00977E50 /* NatureFinder.app */;
			productType = "com.apple.product-type.application";
		};
/* End PBXNativeTarget section */

/* Begin PBXProject section */
		950FA1BB29FDC20C00977E50 /* Project object */ = {
			isa = PBXProject;
			attributes = {
				BuildIndependentTargetsInParallel = 1;
				LastSwiftUpdateCheck = 1340;
				LastUpgradeCheck = 1340;
				TargetAttributes = {
					950FA1C229FDC20C00977E50 = {
						CreatedOnToolsVersion = 13.4.1;
					};
				};
			};
			buildConfigurationList = 950FA1BE29FDC20C00977E50 /* Build configuration list for PBXProject "NatureFinder" */;
			compatibilityVersion = "Xcode 13.0";
			developmentRegion = en;
			hasScannedForEncodings = 0;
			knownRegions = (
				en,
				Base,
			);
			mainGroup = 950FA1BA29FDC20C00977E50;
			packageReferences = (
				954C452429FDE21800109886 /* XCRemoteSwiftPackageReference "url-image" */,
				954C452729FDE3AC00109886 /* XCRemoteSwiftPackageReference "url-image" */,
				954BA0C629FDEA71002FDA97 /* XCRemoteSwiftPackageReference "url-image" */,
			);
			productRefGroup = 950FA1C429FDC20C00977E50 /* Products */;
			projectDirPath = "";
			projectRoot = "";
			targets = (
				950FA1C229FDC20C00977E50 /* NatureFinder */,
			);
		};
/* End PBXProject section */

/* Begin PBXResourcesBuildPhase section */
		950FA1C129FDC20C00977E50 /* Resources */ = {
			isa = PBXResourcesBuildPhase;
			buildActionMask = 2147483647;
			files = (
				950FA1CE29FDC20F00977E50 /* Preview Assets.xcassets in Resources */,
				954BA0D229FDEEAA002FDA97 /* GoogleService-Info.plist in Resources */,
				950FA1CB29FDC20F00977E50 /* Assets.xcassets in Resources */,
			);
			runOnlyForDeploymentPostprocessing = 0;
		};
/* End PBXResourcesBuildPhase section */

/* Begin PBXShellScriptBuildPhase section */
		27E847665D0CF231068C7295 /* [CP] Embed Pods Frameworks */ = {
			isa = PBXShellScriptBuildPhase;
			buildActionMask = 2147483647;
			files = (
			);
			inputFileListPaths = (
				"${PODS_ROOT}/Target Support Files/Pods-NatureFinder/Pods-NatureFinder-frameworks-${CONFIGURATION}-input-files.xcfilelist",
			);
			name = "[CP] Embed Pods Frameworks";
			outputFileListPaths = (
				"${PODS_ROOT}/Target Support Files/Pods-NatureFinder/Pods-NatureFinder-frameworks-${CONFIGURATION}-output-files.xcfilelist",
			);
			runOnlyForDeploymentPostprocessing = 0;
			shellPath = /bin/sh;
			shellScript = "\"${PODS_ROOT}/Target Support Files/Pods-NatureFinder/Pods-NatureFinder-frameworks.sh\"\n";
			showEnvVarsInLog = 0;
		};
		7CEE2EDA6C8D0A20ABB5EE81 /* [CP] Check Pods Manifest.lock */ = {
			isa = PBXShellScriptBuildPhase;
			buildActionMask = 2147483647;
			files = (
			);
			inputFileListPaths = (
			);
			inputPaths = (
				"${PODS_PODFILE_DIR_PATH}/Podfile.lock",
				"${PODS_ROOT}/Manifest.lock",
			);
			name = "[CP] Check Pods Manifest.lock";
			outputFileListPaths = (
			);
			outputPaths = (
				"$(DERIVED_FILE_DIR)/Pods-NatureFinder-checkManifestLockResult.txt",
			);
			runOnlyForDeploymentPostprocessing = 0;
			shellPath = /bin/sh;
			shellScript = "diff \"${PODS_PODFILE_DIR_PATH}/Podfile.lock\" \"${PODS_ROOT}/Manifest.lock\" > /dev/null\nif [ $? != 0 ] ; then\n    # print error to STDERR\n    echo \"error: The sandbox is not in sync with the Podfile.lock. Run 'pod install' or update your CocoaPods installation.\" >&2\n    exit 1\nfi\n# This output is used by Xcode 'outputs' to avoid re-running this script phase.\necho \"SUCCESS\" > \"${SCRIPT_OUTPUT_FILE_0}\"\n";
			showEnvVarsInLog = 0;
		};
/* End PBXShellScriptBuildPhase section */

/* Begin PBXSourcesBuildPhase section */
		950FA1BF29FDC20C00977E50 /* Sources */ = {
			isa = PBXSourcesBuildPhase;
			buildActionMask = 2147483647;
			files = (
				959C9DEB2A0E3A62000C9F1D /* UserNatureListViewModel.swift in Sources */,
				959C9DE92A0E2DB5000C9F1D /* UserNatureListView.swift in Sources */,
				954BA0D629FDF17D002FDA97 /* RegisterView.swift in Sources */,
				954BA0D829FDF195002FDA97 /* RegisterViewModel.swift in Sources */,
				9570DF6B2A063A4100C9A3F3 /* ImagePicker.swift in Sources */,
				9570DF6D2A063AB100C9A3F3 /* PhotoCaptureView.swift in Sources */,
				954C451B29FDCDD700109886 /* LoginViewModel.swift in Sources */,
				954C451829FDCDB400109886 /* LoginView.swift in Sources */,
				950FA1C729FDC20C00977E50 /* NatureFinderApp.swift in Sources */,
				954BA0DF29FF2CF0002FDA97 /* NatureViewModel.swift in Sources */,
				954BA0D429FDEFF1002FDA97 /* NatureListView.swift in Sources */,
				954C451E29FDCDFD00109886 /* Nature.swift in Sources */,
				9570DF692A06375C00C9A3F3 /* UIImage+Extensions.swift in Sources */,
				959C9DED2A0E41C4000C9F1D /* UserViewModel.swift in Sources */,
				954BA0DD29FF2849002FDA97 /* NatureListViewModel.swift in Sources */,
			);
			runOnlyForDeploymentPostprocessing = 0;
		};
/* End PBXSourcesBuildPhase section */

/* Begin XCBuildConfiguration section */
		950FA1CF29FDC20F00977E50 /* Debug */ = {
			isa = XCBuildConfiguration;
			buildSettings = {
				ALWAYS_SEARCH_USER_PATHS = NO;
				CLANG_ANALYZER_NONNULL = YES;
				CLANG_ANALYZER_NUMBER_OBJECT_CONVERSION = YES_AGGRESSIVE;
				CLANG_CXX_LANGUAGE_STANDARD = "gnu++17";
				CLANG_ENABLE_MODULES = YES;
				CLANG_ENABLE_OBJC_ARC = YES;
				CLANG_ENABLE_OBJC_WEAK = YES;
				CLANG_WARN_BLOCK_CAPTURE_AUTORELEASING = YES;
				CLANG_WARN_BOOL_CONVERSION = YES;
				CLANG_WARN_COMMA = YES;
				CLANG_WARN_CONSTANT_CONVERSION = YES;
				CLANG_WARN_DEPRECATED_OBJC_IMPLEMENTATIONS = YES;
				CLANG_WARN_DIRECT_OBJC_ISA_USAGE = YES_ERROR;
				CLANG_WARN_DOCUMENTATION_COMMENTS = YES;
				CLANG_WARN_EMPTY_BODY = YES;
				CLANG_WARN_ENUM_CONVERSION = YES;
				CLANG_WARN_INFINITE_RECURSION = YES;
				CLANG_WARN_INT_CONVERSION = YES;
				CLANG_WARN_NON_LITERAL_NULL_CONVERSION = YES;
				CLANG_WARN_OBJC_IMPLICIT_RETAIN_SELF = YES;
				CLANG_WARN_OBJC_LITERAL_CONVERSION = YES;
				CLANG_WARN_OBJC_ROOT_CLASS = YES_ERROR;
				CLANG_WARN_QUOTED_INCLUDE_IN_FRAMEWORK_HEADER = YES;
				CLANG_WARN_RANGE_LOOP_ANALYSIS = YES;
				CLANG_WARN_STRICT_PROTOTYPES = YES;
				CLANG_WARN_SUSPICIOUS_MOVE = YES;
				CLANG_WARN_UNGUARDED_AVAILABILITY = YES_AGGRESSIVE;
				CLANG_WARN_UNREACHABLE_CODE = YES;
				CLANG_WARN__DUPLICATE_METHOD_MATCH = YES;
				COPY_PHASE_STRIP = NO;
				DEBUG_INFORMATION_FORMAT = dwarf;
				ENABLE_STRICT_OBJC_MSGSEND = YES;
				ENABLE_TESTABILITY = YES;
				GCC_C_LANGUAGE_STANDARD = gnu11;
				GCC_DYNAMIC_NO_PIC = NO;
				GCC_NO_COMMON_BLOCKS = YES;
				GCC_OPTIMIZATION_LEVEL = 0;
				GCC_PREPROCESSOR_DEFINITIONS = (
					"DEBUG=1",
					"$(inherited)",
				);
				GCC_WARN_64_TO_32_BIT_CONVERSION = YES;
				GCC_WARN_ABOUT_RETURN_TYPE = YES_ERROR;
				GCC_WARN_UNDECLARED_SELECTOR = YES;
				GCC_WARN_UNINITIALIZED_AUTOS = YES_AGGRESSIVE;
				GCC_WARN_UNUSED_FUNCTION = YES;
				GCC_WARN_UNUSED_VARIABLE = YES;
				IPHONEOS_DEPLOYMENT_TARGET = 15.5;
				MTL_ENABLE_DEBUG_INFO = INCLUDE_SOURCE;
				MTL_FAST_MATH = YES;
				ONLY_ACTIVE_ARCH = YES;
				SDKROOT = iphoneos;
				SWIFT_ACTIVE_COMPILATION_CONDITIONS = DEBUG;
				SWIFT_OPTIMIZATION_LEVEL = "-Onone";
			};
			name = Debug;
		};
		950FA1D029FDC20F00977E50 /* Release */ = {
			isa = XCBuildConfiguration;
			buildSettings = {
				ALWAYS_SEARCH_USER_PATHS = NO;
				CLANG_ANALYZER_NONNULL = YES;
				CLANG_ANALYZER_NUMBER_OBJECT_CONVERSION = YES_AGGRESSIVE;
				CLANG_CXX_LANGUAGE_STANDARD = "gnu++17";
				CLANG_ENABLE_MODULES = YES;
				CLANG_ENABLE_OBJC_ARC = YES;
				CLANG_ENABLE_OBJC_WEAK = YES;
				CLANG_WARN_BLOCK_CAPTURE_AUTORELEASING = YES;
				CLANG_WARN_BOOL_CONVERSION = YES;
				CLANG_WARN_COMMA = YES;
				CLANG_WARN_CONSTANT_CONVERSION = YES;
				CLANG_WARN_DEPRECATED_OBJC_IMPLEMENTATIONS = YES;
				CLANG_WARN_DIRECT_OBJC_ISA_USAGE = YES_ERROR;
				CLANG_WARN_DOCUMENTATION_COMMENTS = YES;
				CLANG_WARN_EMPTY_BODY = YES;
				CLANG_WARN_ENUM_CONVERSION = YES;
				CLANG_WARN_INFINITE_RECURSION = YES;
				CLANG_WARN_INT_CONVERSION = YES;
				CLANG_WARN_NON_LITERAL_NULL_CONVERSION = YES;
				CLANG_WARN_OBJC_IMPLICIT_RETAIN_SELF = YES;
				CLANG_WARN_OBJC_LITERAL_CONVERSION = YES;
				CLANG_WARN_OBJC_ROOT_CLASS = YES_ERROR;
				CLANG_WARN_QUOTED_INCLUDE_IN_FRAMEWORK_HEADER = YES;
				CLANG_WARN_RANGE_LOOP_ANALYSIS = YES;
				CLANG_WARN_STRICT_PROTOTYPES = YES;
				CLANG_WARN_SUSPICIOUS_MOVE = YES;
				CLANG_WARN_UNGUARDED_AVAILABILITY = YES_AGGRESSIVE;
				CLANG_WARN_UNREACHABLE_CODE = YES;
				CLANG_WARN__DUPLICATE_METHOD_MATCH = YES;
				COPY_PHASE_STRIP = NO;
				DEBUG_INFORMATION_FORMAT = "dwarf-with-dsym";
				ENABLE_NS_ASSERTIONS = NO;
				ENABLE_STRICT_OBJC_MSGSEND = YES;
				GCC_C_LANGUAGE_STANDARD = gnu11;
				GCC_NO_COMMON_BLOCKS = YES;
				GCC_WARN_64_TO_32_BIT_CONVERSION = YES;
				GCC_WARN_ABOUT_RETURN_TYPE = YES_ERROR;
				GCC_WARN_UNDECLARED_SELECTOR = YES;
				GCC_WARN_UNINITIALIZED_AUTOS = YES_AGGRESSIVE;
				GCC_WARN_UNUSED_FUNCTION = YES;
				GCC_WARN_UNUSED_VARIABLE = YES;
				IPHONEOS_DEPLOYMENT_TARGET = 15.5;
				MTL_ENABLE_DEBUG_INFO = NO;
				MTL_FAST_MATH = YES;
				SDKROOT = iphoneos;
				SWIFT_COMPILATION_MODE = wholemodule;
				SWIFT_OPTIMIZATION_LEVEL = "-O";
				VALIDATE_PRODUCT = YES;
			};
			name = Release;
		};
		950FA1D229FDC20F00977E50 /* Debug */ = {
			isa = XCBuildConfiguration;
			baseConfigurationReference = 4D899A072F47F66FC84F0439 /* Pods-NatureFinder.debug.xcconfig */;
			buildSettings = {
				ASSETCATALOG_COMPILER_APPICON_NAME = AppIcon;
				ASSETCATALOG_COMPILER_GLOBAL_ACCENT_COLOR_NAME = AccentColor;
				CODE_SIGN_STYLE = Automatic;
				CURRENT_PROJECT_VERSION = 1;
				DEVELOPMENT_ASSET_PATHS = "\"NatureFinder/Preview Content\"";
				DEVELOPMENT_TEAM = 86FJH998Q6;
				ENABLE_PREVIEWS = YES;
				GENERATE_INFOPLIST_FILE = YES;
				INFOPLIST_KEY_UIApplicationSceneManifest_Generation = YES;
				INFOPLIST_KEY_UIApplicationSupportsIndirectInputEvents = YES;
				INFOPLIST_KEY_UILaunchScreen_Generation = YES;
				INFOPLIST_KEY_UISupportedInterfaceOrientations_iPad = "UIInterfaceOrientationPortrait UIInterfaceOrientationPortraitUpsideDown UIInterfaceOrientationLandscapeLeft UIInterfaceOrientationLandscapeRight";
				INFOPLIST_KEY_UISupportedInterfaceOrientations_iPhone = "UIInterfaceOrientationPortrait UIInterfaceOrientationLandscapeLeft UIInterfaceOrientationLandscapeRight";
				LD_RUNPATH_SEARCH_PATHS = (
					"$(inherited)",
					"@executable_path/Frameworks",
				);
				MARKETING_VERSION = 1.0;
				PRODUCT_BUNDLE_IDENTIFIER = AnnaCardon.NatureFinder;
				PRODUCT_NAME = "$(TARGET_NAME)";
				SWIFT_EMIT_LOC_STRINGS = YES;
				SWIFT_VERSION = 5.0;
				TARGETED_DEVICE_FAMILY = "1,2";
			};
			name = Debug;
		};
		950FA1D329FDC20F00977E50 /* Release */ = {
			isa = XCBuildConfiguration;
			baseConfigurationReference = 909DBAE4223338263B1BAAF7 /* Pods-NatureFinder.release.xcconfig */;
			buildSettings = {
				ASSETCATALOG_COMPILER_APPICON_NAME = AppIcon;
				ASSETCATALOG_COMPILER_GLOBAL_ACCENT_COLOR_NAME = AccentColor;
				CODE_SIGN_STYLE = Automatic;
				CURRENT_PROJECT_VERSION = 1;
				DEVELOPMENT_ASSET_PATHS = "\"NatureFinder/Preview Content\"";
				DEVELOPMENT_TEAM = 86FJH998Q6;
				ENABLE_PREVIEWS = YES;
				GENERATE_INFOPLIST_FILE = YES;
				INFOPLIST_KEY_UIApplicationSceneManifest_Generation = YES;
				INFOPLIST_KEY_UIApplicationSupportsIndirectInputEvents = YES;
				INFOPLIST_KEY_UILaunchScreen_Generation = YES;
				INFOPLIST_KEY_UISupportedInterfaceOrientations_iPad = "UIInterfaceOrientationPortrait UIInterfaceOrientationPortraitUpsideDown UIInterfaceOrientationLandscapeLeft UIInterfaceOrientationLandscapeRight";
				INFOPLIST_KEY_UISupportedInterfaceOrientations_iPhone = "UIInterfaceOrientationPortrait UIInterfaceOrientationLandscapeLeft UIInterfaceOrientationLandscapeRight";
				LD_RUNPATH_SEARCH_PATHS = (
					"$(inherited)",
					"@executable_path/Frameworks",
				);
				MARKETING_VERSION = 1.0;
				PRODUCT_BUNDLE_IDENTIFIER = AnnaCardon.NatureFinder;
				PRODUCT_NAME = "$(TARGET_NAME)";
				SWIFT_EMIT_LOC_STRINGS = YES;
				SWIFT_VERSION = 5.0;
				TARGETED_DEVICE_FAMILY = "1,2";
			};
			name = Release;
		};
/* End XCBuildConfiguration section */

/* Begin XCConfigurationList section */
		950FA1BE29FDC20C00977E50 /* Build configuration list for PBXProject "NatureFinder" */ = {
			isa = XCConfigurationList;
			buildConfigurations = (
				950FA1CF29FDC20F00977E50 /* Debug */,
				950FA1D029FDC20F00977E50 /* Release */,
			);
			defaultConfigurationIsVisible = 0;
			defaultConfigurationName = Release;
		};
		950FA1D129FDC20F00977E50 /* Build configuration list for PBXNativeTarget "NatureFinder" */ = {
			isa = XCConfigurationList;
			buildConfigurations = (
				950FA1D229FDC20F00977E50 /* Debug */,
				950FA1D329FDC20F00977E50 /* Release */,
			);
			defaultConfigurationIsVisible = 0;
			defaultConfigurationName = Release;
		};
/* End XCConfigurationList section */

/* Begin XCRemoteSwiftPackageReference section */
		954BA0C629FDEA71002FDA97 /* XCRemoteSwiftPackageReference "url-image" */ = {
			isa = XCRemoteSwiftPackageReference;
			repositoryURL = "https://github.com/dmytro-anokhin/url-image.git";
			requirement = {
				branch = main;
				kind = branch;
			};
		};
		954C452429FDE21800109886 /* XCRemoteSwiftPackageReference "url-image" */ = {
			isa = XCRemoteSwiftPackageReference;
			repositoryURL = "https://github.com/dmytro-anokhin/url-image.git";
			requirement = {
				branch = main;
				kind = branch;
			};
		};
		954C452729FDE3AC00109886 /* XCRemoteSwiftPackageReference "url-image" */ = {
			isa = XCRemoteSwiftPackageReference;
			repositoryURL = "https://github.com/dmytro-anokhin/url-image.git";
			requirement = {
				branch = main;
				kind = branch;
			};
		};
/* End XCRemoteSwiftPackageReference section */

/* Begin XCSwiftPackageProductDependency section */
		954BA0C729FDEA71002FDA97 /* URLImageStore */ = {
			isa = XCSwiftPackageProductDependency;
			package = 954C452429FDE21800109886 /* XCRemoteSwiftPackageReference "url-image" */;
			productName = URLImageStore;
		};
		954C452829FDE3AC00109886 /* URLImage */ = {
			isa = XCSwiftPackageProductDependency;
			package = 954C452429FDE21800109886 /* XCRemoteSwiftPackageReference "url-image" */;
			productName = URLImage;
		};
/* End XCSwiftPackageProductDependency section */
	};
	rootObject = 950FA1BB29FDC20C00977E50 /* Project object */;
}
